<?xml version="1.0" encoding="utf-8"?>
<Project ToolsVersion="4.0" xmlns="http://schemas.microsoft.com/developer/msbuild/2003">
  <ItemGroup>
    <Filter Include="Header Files">
      <UniqueIdentifier>{e8d22614-265a-4ad7-b72e-e029ac0b084c}</UniqueIdentifier>
      <Extensions>h;hpp;hxx;hm;inl;inc</Extensions>
    </Filter>
    <Filter Include="Resource Files">
      <UniqueIdentifier>{228d1780-2221-4b80-b079-1c349c31ad49}</UniqueIdentifier>
      <Extensions>rc;ico;cur;bmp;dlg;rc2;rct;bin;rgs;gif;jpg;jpeg;jpe</Extensions>
    </Filter>
    <Filter Include="Source Files">
      <UniqueIdentifier>{c0c79306-a306-47c2-9b79-7549fda6ff8a}</UniqueIdentifier>
      <Extensions>cpp;c;cxx;def;odl;idl;hpj;bat;asm;cc</Extensions>
    </Filter>
  </ItemGroup>
  <ItemGroup>
    <ClCompile Include="actions.cc">
      <Filter>Source Files</Filter>
    </ClCompile>
    <ClCompile Include="bootstrap\parser.cc">
      <Filter>Source Files</Filter>
    </ClCompile>
    <ClCompile Include="bootstrap\scanner.cc">
      <Filter>Source Files</Filter>
    </ClCompile>
    <ClCompile Include="code.cc">
      <Filter>Source Files</Filter>
    </ClCompile>
    <ClCompile Include="dfa.cc">
      <Filter>Source Files</Filter>
    </ClCompile>
    <ClCompile Include="main.cc">
      <Filter>Source Files</Filter>
    </ClCompile>
    <ClCompile Include="mbo_getopt.cc">
      <Filter>Source Files</Filter>
    </ClCompile>
    <ClCompile Include="substr.cc">
      <Filter>Source Files</Filter>
    </ClCompile>
    <ClCompile Include="translate.cc">
      <Filter>Source Files</Filter>
    </ClCompile>
  </ItemGroup>
  <ItemGroup>
    <ClInclude Include="basics.h">
      <Filter>Header Files</Filter>
    </ClInclude>
    <ClInclude Include="bootstrap\y.tab.h">
      <Filter>Header Files</Filter>
    </ClInclude>
    <ClInclude Include="code.h">
      <Filter>Header Files</Filter>
    </ClInclude>
    <ClInclude Include="config_w32.h">
      <Filter>Header Files</Filter>
    </ClInclude>
    <ClInclude Include="dfa.h">
      <Filter>Header Files</Filter>
    </ClInclude>
    <ClInclude Include="globals.h">
      <Filter>Header Files</Filter>
    </ClInclude>
    <ClInclude Include="ins.h">
      <Filter>Header Files</Filter>
    </ClInclude>
    <ClInclude Include="mbo_getopt.h">
      <Filter>Header Files</Filter>
    </ClInclude>
    <ClInclude Include="parser.h">
      <Filter>Header Files</Filter>
    </ClInclude>
    <ClInclude Include="parser.tab.h">
      <Filter>Header Files</Filter>
    </ClInclude>
    <ClInclude Include="re.h">
      <Filter>Header Files</Filter>
    </ClInclude>
    <ClInclude Include="scanner.h">
      <Filter>Header Files</Filter>
    </ClInclude>
    <ClInclude Include="stream_lc.h">
      <Filter>Header Files</Filter>
    </ClInclude>
    <ClInclude Include="substr.h">
      <Filter>Header Files</Filter>
    </ClInclude>
    <ClInclude Include="token.h">
      <Filter>Header Files</Filter>
    </ClInclude>
  </ItemGroup>
</Project>